
Microsoft Visual Studio Solution File, Format Version 12.00
# Visual Studio Version 17
VisualStudioVersion = 17.14.36127.28
MinimumVisualStudioVersion = 10.0.40219.1
Project("{FAE04EC0-301F-11D3-BF4B-00C04F79EFBC}") = "DVLD", "DVLD.csproj", "{FE394607-1AF4-4864-AFEA-4AF3C2931681}"
EndProject
Project("{FAE04EC0-301F-11D3-BF4B-00C04F79EFBC}") = "DVLD_DataAccess", "..\DataAccessLayer\DVLD_DataAccess.csproj", "{BCF8218C-27D6-4BCC-95A2-DBE0C1EDF468}"
EndProject
Project("{FAE04EC0-301F-11D3-BF4B-00C04F79EFBC}") = "DVLD_Business", "..\BusinessLayer\DVLD_Business.csproj", "{726B8F05-BA9B-4F98-B50F-156E5126EA53}"
EndProject
Global
	GlobalSection(SolutionConfigurationPlatforms) = preSolution
		Debug|Any CPU = Debug|Any CPU
		Release|Any CPU = Release|Any CPU
	EndGlobalSection
	GlobalSection(ProjectConfigurationPlatforms) = postSolution
		{FE394607-1AF4-4864-AFEA-4AF3C2931681}.Debug|Any CPU.ActiveCfg = Debug|Any CPU
		{FE394607-1AF4-4864-AFEA-4AF3C2931681}.Debug|Any CPU.Build.0 = Debug|Any CPU
		{FE394607-1AF4-4864-AFEA-4AF3C2931681}.Release|Any CPU.ActiveCfg = Release|Any CPU
		{FE394607-1AF4-4864-AFEA-4AF3C2931681}.Release|Any CPU.Build.0 = Release|Any CPU
		{BCF8218C-27D6-4BCC-95A2-DBE0C1EDF468}.Debug|Any CPU.ActiveCfg = Debug|Any CPU
		{BCF8218C-27D6-4BCC-95A2-DBE0C1EDF468}.Debug|Any CPU.Build.0 = Debug|Any CPU
		{BCF8218C-27D6-4BCC-95A2-DBE0C1EDF468}.Release|Any CPU.ActiveCfg = Release|Any CPU
		{BCF8218C-27D6-4BCC-95A2-DBE0C1EDF468}.Release|Any CPU.Build.0 = Release|Any CPU
		{726B8F05-BA9B-4F98-B50F-156E5126EA53}.Debug|Any CPU.ActiveCfg = Debug|Any CPU
		{726B8F05-BA9B-4F98-B50F-156E5126EA53}.Debug|Any CPU.Build.0 = Debug|Any CPU
		{726B8F05-BA9B-4F98-B50F-156E5126EA53}.Release|Any CPU.ActiveCfg = Release|Any CPU
		{726B8F05-BA9B-4F98-B50F-156E5126EA53}.Release|Any CPU.Build.0 = Release|Any CPU
	EndGlobalSection
	GlobalSection(SolutionProperties) = preSolution
		HideSolutionNode = FALSE
	EndGlobalSection
	GlobalSection(ExtensibilityGlobals) = postSolution
		SolutionGuid = {7E0B507C-9E9D-4C55-AA6E-DDCC930EE6FB}
	EndGlobalSection
EndGlobal
